
Microsoft Visual Studio Solution File, Format Version 12.00
# Visual Studio Version 16
VisualStudioVersion = 16.0.31019.35
MinimumVisualStudioVersion = 10.0.40219.1
Project("{9A19103F-16F7-4668-BE54-9A1E7A4F7556}") = "TeacherStudents", "TeacherStudents\TeacherStudents.csproj", "{E6BE2529-61FF-4E23-9F28-0471510A1272}"
EndProject
Project("{FAE04EC0-301F-11D3-BF4B-00C04F79EFBC}") = "Contracts", "Contracts\Contracts.csproj", "{0A46A0E0-07DE-4960-A696-AE30F0A5E79F}"
EndProject
Project("{FAE04EC0-301F-11D3-BF4B-00C04F79EFBC}") = "LoggerService", "LoggerService\LoggerService.csproj", "{1E2205B3-89B4-4685-8AE2-D292B77105D2}"
EndProject
Project("{FAE04EC0-301F-11D3-BF4B-00C04F79EFBC}") = "Entities", "Entities\Entities.csproj", "{09594800-B1D0-48F3-9ADA-F8FBF0CE138D}"
EndProject
Global
	GlobalSection(SolutionConfigurationPlatforms) = preSolution
		Debug|Any CPU = Debug|Any CPU
		Release|Any CPU = Release|Any CPU
	EndGlobalSection
	GlobalSection(ProjectConfigurationPlatforms) = postSolution
		{E6BE2529-61FF-4E23-9F28-0471510A1272}.Debug|Any CPU.ActiveCfg = Debug|Any CPU
		{E6BE2529-61FF-4E23-9F28-0471510A1272}.Debug|Any CPU.Build.0 = Debug|Any CPU
		{E6BE2529-61FF-4E23-9F28-0471510A1272}.Release|Any CPU.ActiveCfg = Release|Any CPU
		{E6BE2529-61FF-4E23-9F28-0471510A1272}.Release|Any CPU.Build.0 = Release|Any CPU
		{0A46A0E0-07DE-4960-A696-AE30F0A5E79F}.Debug|Any CPU.ActiveCfg = Debug|Any CPU
		{0A46A0E0-07DE-4960-A696-AE30F0A5E79F}.Debug|Any CPU.Build.0 = Debug|Any CPU
		{0A46A0E0-07DE-4960-A696-AE30F0A5E79F}.Release|Any CPU.ActiveCfg = Release|Any CPU
		{0A46A0E0-07DE-4960-A696-AE30F0A5E79F}.Release|Any CPU.Build.0 = Release|Any CPU
		{1E2205B3-89B4-4685-8AE2-D292B77105D2}.Debug|Any CPU.ActiveCfg = Debug|Any CPU
		{1E2205B3-89B4-4685-8AE2-D292B77105D2}.Debug|Any CPU.Build.0 = Debug|Any CPU
		{1E2205B3-89B4-4685-8AE2-D292B77105D2}.Release|Any CPU.ActiveCfg = Release|Any CPU
		{1E2205B3-89B4-4685-8AE2-D292B77105D2}.Release|Any CPU.Build.0 = Release|Any CPU
		{09594800-B1D0-48F3-9ADA-F8FBF0CE138D}.Debug|Any CPU.ActiveCfg = Debug|Any CPU
		{09594800-B1D0-48F3-9ADA-F8FBF0CE138D}.Debug|Any CPU.Build.0 = Debug|Any CPU
		{09594800-B1D0-48F3-9ADA-F8FBF0CE138D}.Release|Any CPU.ActiveCfg = Release|Any CPU
		{09594800-B1D0-48F3-9ADA-F8FBF0CE138D}.Release|Any CPU.Build.0 = Release|Any CPU
	EndGlobalSection
	GlobalSection(SolutionProperties) = preSolution
		HideSolutionNode = FALSE
	EndGlobalSection
	GlobalSection(ExtensibilityGlobals) = postSolution
		SolutionGuid = {F83685EC-F030-4AE5-ABF8-391056EC7D7F}
	EndGlobalSection
EndGlobal
